
Microsoft Visual Studio Solution File, Format Version 9.00
# Visual Studio 2005
Project("{FAE04EC0-301F-11D3-BF4B-00C04F79EFBC}") = "OpenNETCF.Configuration", "..\OpenNETCF.Configuration\OpenNETCF.Configuration.csproj", "{C9C83714-D202-49D3-9033-73FC3E88691B}"
EndProject
Project("{FAE04EC0-301F-11D3-BF4B-00C04F79EFBC}") = "OpenNETCF.2.2", "OpenNETCF.2.2.csproj", "{ED420160-D2FD-4437-9D28-F10C55E4DB28}"
EndProject
Global
	GlobalSection(SolutionConfigurationPlatforms) = preSolution
		Debug|Any CPU = Debug|Any CPU
		NDoc|Any CPU = NDoc|Any CPU
		Release|Any CPU = Release|Any CPU
	EndGlobalSection
	GlobalSection(ProjectConfigurationPlatforms) = postSolution
		{C9C83714-D202-49D3-9033-73FC3E88691B}.Debug|Any CPU.ActiveCfg = Debug|Any CPU
		{C9C83714-D202-49D3-9033-73FC3E88691B}.Debug|Any CPU.Build.0 = Debug|Any CPU
		{C9C83714-D202-49D3-9033-73FC3E88691B}.NDoc|Any CPU.ActiveCfg = Release|Any CPU
		{C9C83714-D202-49D3-9033-73FC3E88691B}.NDoc|Any CPU.Build.0 = Release|Any CPU
		{C9C83714-D202-49D3-9033-73FC3E88691B}.Release|Any CPU.ActiveCfg = Release|Any CPU
		{C9C83714-D202-49D3-9033-73FC3E88691B}.Release|Any CPU.Build.0 = Release|Any CPU
		{ED420160-D2FD-4437-9D28-F10C55E4DB28}.Debug|Any CPU.ActiveCfg = Debug|Any CPU
		{ED420160-D2FD-4437-9D28-F10C55E4DB28}.Debug|Any CPU.Build.0 = Debug|Any CPU
		{ED420160-D2FD-4437-9D28-F10C55E4DB28}.NDoc|Any CPU.ActiveCfg = NDoc|Any CPU
		{ED420160-D2FD-4437-9D28-F10C55E4DB28}.NDoc|Any CPU.Build.0 = NDoc|Any CPU
		{ED420160-D2FD-4437-9D28-F10C55E4DB28}.Release|Any CPU.ActiveCfg = Release|Any CPU
		{ED420160-D2FD-4437-9D28-F10C55E4DB28}.Release|Any CPU.Build.0 = Release|Any CPU
	EndGlobalSection
	GlobalSection(SolutionProperties) = preSolution
		HideSolutionNode = FALSE
	EndGlobalSection
EndGlobal
